
Microsoft Visual Studio Solution File, Format Version 12.00
# Visual Studio 15
VisualStudioVersion = 15.0.28010.2016
MinimumVisualStudioVersion = 10.0.40219.1
Project("{FAE04EC0-301F-11D3-BF4B-00C04F79EFBC}") = "POS-system", "POS system\POS-system.csproj", "{9DD3ACD5-33FD-401E-9896-5465CEC97583}"
EndProject
Project("{FAE04EC0-301F-11D3-BF4B-00C04F79EFBC}") = "POS_test", "POS_test\POS_test.csproj", "{9FE4620E-29C0-41EF-9DDB-95C48A035043}"
EndProject
Global
	GlobalSection(SolutionConfigurationPlatforms) = preSolution
		Debug|Any CPU = Debug|Any CPU
		Release|Any CPU = Release|Any CPU
	EndGlobalSection
	GlobalSection(ProjectConfigurationPlatforms) = postSolution
		{9DD3ACD5-33FD-401E-9896-5465CEC97583}.Debug|Any CPU.ActiveCfg = Debug|Any CPU
		{9DD3ACD5-33FD-401E-9896-5465CEC97583}.Debug|Any CPU.Build.0 = Debug|Any CPU
		{9DD3ACD5-33FD-401E-9896-5465CEC97583}.Release|Any CPU.ActiveCfg = Release|Any CPU
		{9DD3ACD5-33FD-401E-9896-5465CEC97583}.Release|Any CPU.Build.0 = Release|Any CPU
		{9FE4620E-29C0-41EF-9DDB-95C48A035043}.Debug|Any CPU.ActiveCfg = Debug|Any CPU
		{9FE4620E-29C0-41EF-9DDB-95C48A035043}.Debug|Any CPU.Build.0 = Debug|Any CPU
		{9FE4620E-29C0-41EF-9DDB-95C48A035043}.Release|Any CPU.ActiveCfg = Release|Any CPU
		{9FE4620E-29C0-41EF-9DDB-95C48A035043}.Release|Any CPU.Build.0 = Release|Any CPU
	EndGlobalSection
	GlobalSection(SolutionProperties) = preSolution
		HideSolutionNode = FALSE
	EndGlobalSection
	GlobalSection(ExtensibilityGlobals) = postSolution
		SolutionGuid = {AD35BB07-4C9F-4836-8299-7B36B33C33ED}
	EndGlobalSection
EndGlobal
